lockVersion: 2.0.0
id: f73d2126-985b-4d69-88ee-b7c69254d8bf
management:
  docChecksum: 9531c94b3e2fdcb61add911e4d5d1b28
  docVersion: 0.4.0 .
  speakeasyVersion: 1.303.4
  generationVersion: 2.340.2
  releaseVersion: 5.9.7
  configChecksum: d663550cc1748ac46da459574a511821
  repoURL: https://github.com/speakeasy-api/speakeasy-client-sdk-csharp.git
  repoSubDirectory: .
  published: true
features:
  csharp:
    additionalDependencies: 0.1.0
    core: 3.9.5
    deprecations: 2.81.2
    examples: 2.81.3
    globalSecurity: 2.83.4
    globalSecurityCallbacks: 0.1.0
    globalServerURLs: 2.82.3
    globals: 2.82.1
    inputOutputModels: 2.83.0
    intellisenseMarkdownSupport: 0.1.0
    nullables: 0.1.0
    responseFormat: 0.0.4
    retries: 0.0.1
    sdkHooks: 0.1.0
    serverIDs: 2.82.1
generatedFiles:
  - Speakeasy/Client/SDK/Apis.cs
  - Speakeasy/Client/SDK/ApiEndpoints.cs
  - Speakeasy/Client/SDK/Metadata.cs
  - Speakeasy/Client/SDK/Schemas.cs
  - Speakeasy/Client/SDK/Artifacts.cs
  - Speakeasy/Client/SDK/Auth.cs
  - Speakeasy/Client/SDK/Requests.cs
  - Speakeasy/Client/SDK/Github.cs
  - Speakeasy/Client/SDK/Organizations.cs
  - Speakeasy/Client/SDK/Reports.cs
  - Speakeasy/Client/SDK/Suggest.cs
  - Speakeasy/Client/SDK/Embeds.cs
  - Speakeasy/Client/SDK/Events.cs
  - Speakeasy/Client/SDK/SpeakeasySDK.cs
  - global.json
  - Speakeasy.Client.SDK.sln
  - Speakeasy/Client/SDK/Utils/AnyDeserializer.cs
  - Speakeasy/Client/SDK/Utils/BigIntStrConverter.cs
  - Speakeasy/Client/SDK/Utils/DecimalStrConverter.cs
  - Speakeasy/Client/SDK/Utils/EnumConverter.cs
  - Speakeasy/Client/SDK/Utils/FlexibleObjectDeserializer.cs
  - Speakeasy/Client/SDK/Utils/HeaderSerializer.cs
  - Speakeasy/Client/SDK/Utils/IsoDateTimeSerializer.cs
  - Speakeasy/Client/SDK/Utils/RequestBodySerializer.cs
  - Speakeasy/Client/SDK/Utils/ResponseBodyDeserializer.cs
  - Speakeasy/Client/SDK/Utils/Retries/BackoffStrategy.cs
  - Speakeasy/Client/SDK/Utils/Retries/Retries.cs
  - Speakeasy/Client/SDK/Utils/Retries/RetryConfig.cs
  - Speakeasy/Client/SDK/Utils/SecurityMetadata.cs
  - Speakeasy/Client/SDK/Utils/SpeakeasyHttpClient.cs
  - Speakeasy/Client/SDK/Utils/SpeakeasyMetadata.cs
  - Speakeasy/Client/SDK/Utils/URLBuilder.cs
  - Speakeasy/Client/SDK/Utils/Utilities.cs
  - Speakeasy/Client/SDK/Speakeasy.Client.SDK.csproj
  - Speakeasy/Client/SDK/Models/Errors/SDKException.cs
  - Speakeasy/Client/SDK/Models/Operations/DeleteApiRequest.cs
  - Speakeasy/Client/SDK/Models/Operations/DeleteApiResponse.cs
  - Speakeasy/Client/SDK/Models/Operations/GenerateOpenApiSpecRequest.cs
  - Speakeasy/Client/SDK/Models/Operations/GenerateOpenApiSpecResponse.cs
  - Speakeasy/Client/SDK/Models/Operations/GeneratePostmanCollectionRequest.cs
  - Speakeasy/Client/SDK/Models/Operations/GeneratePostmanCollectionResponse.cs
  - Speakeasy/Client/SDK/Models/Operations/Op.cs
  - Speakeasy/Client/SDK/Models/Operations/GetAllApiVersionsRequest.cs
  - Speakeasy/Client/SDK/Models/Operations/GetAllApiVersionsResponse.cs
  - Speakeasy/Client/SDK/Models/Operations/QueryParamOp.cs
  - Speakeasy/Client/SDK/Models/Operations/GetApisRequest.cs
  - Speakeasy/Client/SDK/Models/Operations/GetApisResponse.cs
  - Speakeasy/Client/SDK/Models/Operations/UpsertApiRequest.cs
  - Speakeasy/Client/SDK/Models/Operations/UpsertApiResponse.cs
  - Speakeasy/Client/SDK/Models/Operations/DeleteApiEndpointRequest.cs
  - Speakeasy/Client/SDK/Models/Operations/DeleteApiEndpointResponse.cs
  - Speakeasy/Client/SDK/Models/Operations/FindApiEndpointRequest.cs
  - Speakeasy/Client/SDK/Models/Operations/FindApiEndpointResponse.cs
  - Speakeasy/Client/SDK/Models/Operations/GenerateOpenApiSpecForApiEndpointRequest.cs
  - Speakeasy/Client/SDK/Models/Operations/GenerateOpenApiSpecForApiEndpointResponse.cs
  - Speakeasy/Client/SDK/Models/Operations/GeneratePostmanCollectionForApiEndpointRequest.cs
  - Speakeasy/Client/SDK/Models/Operations/GeneratePostmanCollectionForApiEndpointResponse.cs
  - Speakeasy/Client/SDK/Models/Operations/GetAllApiEndpointsRequest.cs
  - Speakeasy/Client/SDK/Models/Operations/GetAllApiEndpointsResponse.cs
  - Speakeasy/Client/SDK/Models/Operations/GetAllForVersionApiEndpointsRequest.cs
  - Speakeasy/Client/SDK/Models/Operations/GetAllForVersionApiEndpointsResponse.cs
  - Speakeasy/Client/SDK/Models/Operations/GetApiEndpointRequest.cs
  - Speakeasy/Client/SDK/Models/Operations/GetApiEndpointResponse.cs
  - Speakeasy/Client/SDK/Models/Operations/UpsertApiEndpointRequest.cs
  - Speakeasy/Client/SDK/Models/Operations/UpsertApiEndpointResponse.cs
  - Speakeasy/Client/SDK/Models/Operations/DeleteVersionMetadataRequest.cs
  - Speakeasy/Client/SDK/Models/Operations/DeleteVersionMetadataResponse.cs
  - Speakeasy/Client/SDK/Models/Operations/GetVersionMetadataRequest.cs
  - Speakeasy/Client/SDK/Models/Operations/GetVersionMetadataResponse.cs
  - Speakeasy/Client/SDK/Models/Operations/InsertVersionMetadataRequest.cs
  - Speakeasy/Client/SDK/Models/Operations/InsertVersionMetadataResponse.cs
  - Speakeasy/Client/SDK/Models/Operations/DeleteSchemaRequest.cs
  - Speakeasy/Client/SDK/Models/Operations/DeleteSchemaResponse.cs
  - Speakeasy/Client/SDK/Models/Operations/DownloadSchemaRequest.cs
  - Speakeasy/Client/SDK/Models/Operations/DownloadSchemaResponse.cs
  - Speakeasy/Client/SDK/Models/Operations/DownloadSchemaRevisionRequest.cs
  - Speakeasy/Client/SDK/Models/Operations/DownloadSchemaRevisionResponse.cs
  - Speakeasy/Client/SDK/Models/Operations/GetSchemaRequest.cs
  - Speakeasy/Client/SDK/Models/Operations/GetSchemaResponse.cs
  - Speakeasy/Client/SDK/Models/Operations/GetSchemaDiffRequest.cs
  - Speakeasy/Client/SDK/Models/Operations/GetSchemaDiffResponse.cs
  - Speakeasy/Client/SDK/Models/Operations/GetSchemaRevisionRequest.cs
  - Speakeasy/Client/SDK/Models/Operations/GetSchemaRevisionResponse.cs
  - Speakeasy/Client/SDK/Models/Operations/GetSchemasRequest.cs
  - Speakeasy/Client/SDK/Models/Operations/GetSchemasResponse.cs
  - Speakeasy/Client/SDK/Models/Operations/RegisterSchemaFile.cs
  - Speakeasy/Client/SDK/Models/Operations/RegisterSchemaRequestBody.cs
  - Speakeasy/Client/SDK/Models/Operations/RegisterSchemaRequest.cs
  - Speakeasy/Client/SDK/Models/Operations/RegisterSchemaResponse.cs
  - Speakeasy/Client/SDK/Models/Operations/GetBlobRequest.cs
  - Speakeasy/Client/SDK/Models/Operations/GetBlobResponse.cs
  - Speakeasy/Client/SDK/Models/Operations/GetManifestRequest.cs
  - Speakeasy/Client/SDK/Models/Operations/GetManifestResponse.cs
  - Speakeasy/Client/SDK/Models/Operations/GetNamespacesResponse.cs
  - Speakeasy/Client/SDK/Models/Operations/GetRevisionsRequest.cs
  - Speakeasy/Client/SDK/Models/Operations/GetRevisionsResponse.cs
  - Speakeasy/Client/SDK/Models/Operations/GetTagsRequest.cs
  - Speakeasy/Client/SDK/Models/Operations/GetTagsResponse.cs
  - Speakeasy/Client/SDK/Models/Operations/PostTagsRequest.cs
  - Speakeasy/Client/SDK/Models/Operations/PostTagsResponse.cs
  - Speakeasy/Client/SDK/Models/Operations/PreflightResponse.cs
  - Speakeasy/Client/SDK/Models/Operations/GetAccessTokenRequest.cs
  - Speakeasy/Client/SDK/Models/Operations/GetAccessTokenResponse.cs
  - Speakeasy/Client/SDK/Models/Operations/GetUserResponse.cs
  - Speakeasy/Client/SDK/Models/Operations/GetWorkspaceAccessRequest.cs
  - Speakeasy/Client/SDK/Models/Operations/GetWorkspaceAccessResponse.cs
  - Speakeasy/Client/SDK/Models/Operations/ValidateApiKeyResponse.cs
  - Speakeasy/Client/SDK/Models/Operations/GenerateRequestPostmanCollectionRequest.cs
  - Speakeasy/Client/SDK/Models/Operations/GenerateRequestPostmanCollectionResponse.cs
  - Speakeasy/Client/SDK/Models/Operations/GetRequestFromEventLogRequest.cs
  - Speakeasy/Client/SDK/Models/Operations/GetRequestFromEventLogResponse.cs
  - Speakeasy/Client/SDK/Models/Operations/QueryEventLogRequest.cs
  - Speakeasy/Client/SDK/Models/Operations/QueryEventLogResponse.cs
  - Speakeasy/Client/SDK/Models/Operations/GithubCheckAccessRequest.cs
  - Speakeasy/Client/SDK/Models/Operations/GithubCheckAccessResponse.cs
  - Speakeasy/Client/SDK/Models/Operations/GithubConfigureTargetResponse.cs
  - Speakeasy/Client/SDK/Models/Operations/GithubTriggerActionResponse.cs
  - Speakeasy/Client/SDK/Models/Operations/CreateFreeTrialResponse.cs
  - Speakeasy/Client/SDK/Models/Operations/GetOrganizationUsageResponse.cs
  - Speakeasy/Client/SDK/Models/Operations/GetOrganizationsResponse.cs
  - Speakeasy/Client/SDK/Models/Operations/GetChangesReportSignedUrlRequest.cs
  - Speakeasy/Client/SDK/Models/Operations/GetChangesReportSignedUrlSignedAccess.cs
  - Speakeasy/Client/SDK/Models/Operations/GetChangesReportSignedUrlResponse.cs
  - Speakeasy/Client/SDK/Models/Operations/GetLintingReportSignedUrlRequest.cs
  - Speakeasy/Client/SDK/Models/Operations/GetLintingReportSignedUrlSignedAccess.cs
  - Speakeasy/Client/SDK/Models/Operations/GetLintingReportSignedUrlResponse.cs
  - Speakeasy/Client/SDK/Models/Operations/File.cs
  - Speakeasy/Client/SDK/Models/Operations/UploadReportRequestBody.cs
  - Speakeasy/Client/SDK/Models/Operations/UploadReportUploadedReport.cs
  - Speakeasy/Client/SDK/Models/Operations/UploadReportResponse.cs
  - Speakeasy/Client/SDK/Models/Operations/DepthStyle.cs
  - Speakeasy/Client/SDK/Models/Operations/Style.cs
  - Speakeasy/Client/SDK/Models/Operations/Opts.cs
  - Speakeasy/Client/SDK/Models/Operations/Schema.cs
  - Speakeasy/Client/SDK/Models/Operations/SuggestOperationIDsRequestBody.cs
  - Speakeasy/Client/SDK/Models/Operations/SuggestOperationIDsSuggestion.cs
  - Speakeasy/Client/SDK/Models/Operations/SuggestOperationIDsResponse.cs
  - Speakeasy/Client/SDK/Models/Operations/GetEmbedAccessTokenRequest.cs
  - Speakeasy/Client/SDK/Models/Operations/GetEmbedAccessTokenResponse.cs
  - Speakeasy/Client/SDK/Models/Operations/GetValidEmbedAccessTokensResponse.cs
  - Speakeasy/Client/SDK/Models/Operations/RevokeEmbedAccessTokenRequest.cs
  - Speakeasy/Client/SDK/Models/Operations/RevokeEmbedAccessTokenResponse.cs
  - Speakeasy/Client/SDK/Models/Operations/GetWorkspaceEventsByTargetRequest.cs
  - Speakeasy/Client/SDK/Models/Operations/GetWorkspaceEventsByTargetResponse.cs
  - Speakeasy/Client/SDK/Models/Operations/GetWorkspaceTargetsRequest.cs
  - Speakeasy/Client/SDK/Models/Operations/GetWorkspaceTargetsResponse.cs
  - Speakeasy/Client/SDK/Models/Operations/PostWorkspaceEventsRequest.cs
  - Speakeasy/Client/SDK/Models/Operations/PostWorkspaceEventsResponse.cs
  - Speakeasy/Client/SDK/Models/Operations/SearchWorkspaceEventsRequest.cs
  - Speakeasy/Client/SDK/Models/Operations/SearchWorkspaceEventsResponse.cs
  - Speakeasy/Client/SDK/Models/Errors/Error.cs
  - Speakeasy/Client/SDK/Models/Shared/GenerateOpenApiSpecDiff.cs
  - Speakeasy/Client/SDK/Models/Shared/Api.cs
  - Speakeasy/Client/SDK/Models/Shared/ApiInput.cs
  - Speakeasy/Client/SDK/Models/Shared/ApiEndpoint.cs
  - Speakeasy/Client/SDK/Models/Shared/ApiEndpointInput.cs
  - Speakeasy/Client/SDK/Models/Shared/VersionMetadata.cs
  - Speakeasy/Client/SDK/Models/Shared/VersionMetadataInput.cs
  - Speakeasy/Client/SDK/Models/Shared/Schema.cs
  - Speakeasy/Client/SDK/Models/Shared/ValueChange.cs
  - Speakeasy/Client/SDK/Models/Shared/SchemaDiff.cs
  - Speakeasy/Client/SDK/Models/Shared/Manifest.cs
  - Speakeasy/Client/SDK/Models/Shared/V2Descriptor.cs
  - Speakeasy/Client/SDK/Models/Shared/Annotations.cs
  - Speakeasy/Client/SDK/Models/Shared/GetNamespacesResponse.cs
  - Speakeasy/Client/SDK/Models/Shared/Namespace.cs
  - Speakeasy/Client/SDK/Models/Shared/GetRevisionsResponse.cs
  - Speakeasy/Client/SDK/Models/Shared/Revision.cs
  - Speakeasy/Client/SDK/Models/Shared/GetTagsResponse.cs
  - Speakeasy/Client/SDK/Models/Shared/Tag.cs
  - Speakeasy/Client/SDK/Models/Shared/AddTags.cs
  - Speakeasy/Client/SDK/Models/Shared/PreflightToken.cs
  - Speakeasy/Client/SDK/Models/Shared/PreflightRequest.cs
  - Speakeasy/Client/SDK/Models/Shared/Claims.cs
  - Speakeasy/Client/SDK/Models/Shared/AccessTokenUser.cs
  - Speakeasy/Client/SDK/Models/Shared/AccessTokenAccountType.cs
  - Speakeasy/Client/SDK/Models/Shared/Workspaces.cs
  - Speakeasy/Client/SDK/Models/Shared/AccessToken.cs
  - Speakeasy/Client/SDK/Models/Shared/FeatureFlag.cs
  - Speakeasy/Client/SDK/Models/Shared/User.cs
  - Speakeasy/Client/SDK/Models/Shared/Level.cs
  - Speakeasy/Client/SDK/Models/Shared/AccessDetails.cs
  - Speakeasy/Client/SDK/Models/Shared/AccountType.cs
  - Speakeasy/Client/SDK/Models/Shared/ApiKeyDetails.cs
  - Speakeasy/Client/SDK/Models/Shared/UnboundedRequest.cs
  - Speakeasy/Client/SDK/Models/Shared/BoundedRequest.cs
  - Speakeasy/Client/SDK/Models/Shared/RequestMetadata.cs
  - Speakeasy/Client/SDK/Models/Shared/Filters.cs
  - Speakeasy/Client/SDK/Models/Shared/Filter.cs
  - Speakeasy/Client/SDK/Models/Shared/GithubConfigureTargetRequest.cs
  - Speakeasy/Client/SDK/Models/Shared/GithubTriggerActionRequest.cs
  - Speakeasy/Client/SDK/Models/Shared/OrganizationUsageResponse.cs
  - Speakeasy/Client/SDK/Models/Shared/OrganizationUsage.cs
  - Speakeasy/Client/SDK/Models/Shared/OrganizationAccountType.cs
  - Speakeasy/Client/SDK/Models/Shared/Organization.cs
  - Speakeasy/Client/SDK/Models/Shared/Type.cs
  - Speakeasy/Client/SDK/Models/Shared/Report.cs
  - Speakeasy/Client/SDK/Models/Shared/EmbedAccessTokenResponse.cs
  - Speakeasy/Client/SDK/Models/Shared/EmbedToken.cs
  - Speakeasy/Client/SDK/Models/Shared/GenerateBumpType.cs
  - Speakeasy/Client/SDK/Models/Shared/OpenapiDiffBumpType.cs
  - Speakeasy/Client/SDK/Models/Shared/CliEvent.cs
  - Speakeasy/Client/SDK/Models/Shared/InteractionType.cs
  - Speakeasy/Client/SDK/Models/Shared/TargetSDK.cs
  - Speakeasy/Client/SDK/Models/Shared/Security.cs
  - docs/Models/Operations/DeleteApiRequest.md
  - docs/Models/Operations/DeleteApiResponse.md
  - docs/Models/Operations/GenerateOpenApiSpecRequest.md
  - docs/Models/Operations/GenerateOpenApiSpecResponse.md
  - docs/Models/Operations/GeneratePostmanCollectionRequest.md
  - docs/Models/Operations/GeneratePostmanCollectionResponse.md
  - docs/Models/Operations/Op.md
  - docs/Models/Operations/GetAllApiVersionsRequest.md
  - docs/Models/Operations/GetAllApiVersionsResponse.md
  - docs/Models/Operations/QueryParamOp.md
  - docs/Models/Operations/GetApisRequest.md
  - docs/Models/Operations/GetApisResponse.md
  - docs/Models/Operations/UpsertApiRequest.md
  - docs/Models/Operations/UpsertApiResponse.md
  - docs/Models/Operations/DeleteApiEndpointRequest.md
  - docs/Models/Operations/DeleteApiEndpointResponse.md
  - docs/Models/Operations/FindApiEndpointRequest.md
  - docs/Models/Operations/FindApiEndpointResponse.md
  - docs/Models/Operations/GenerateOpenApiSpecForApiEndpointRequest.md
  - docs/Models/Operations/GenerateOpenApiSpecForApiEndpointResponse.md
  - docs/Models/Operations/GeneratePostmanCollectionForApiEndpointRequest.md
  - docs/Models/Operations/GeneratePostmanCollectionForApiEndpointResponse.md
  - docs/Models/Operations/GetAllApiEndpointsRequest.md
  - docs/Models/Operations/GetAllApiEndpointsResponse.md
  - docs/Models/Operations/GetAllForVersionApiEndpointsRequest.md
  - docs/Models/Operations/GetAllForVersionApiEndpointsResponse.md
  - docs/Models/Operations/GetApiEndpointRequest.md
  - docs/Models/Operations/GetApiEndpointResponse.md
  - docs/Models/Operations/UpsertApiEndpointRequest.md
  - docs/Models/Operations/UpsertApiEndpointResponse.md
  - docs/Models/Operations/DeleteVersionMetadataRequest.md
  - docs/Models/Operations/DeleteVersionMetadataResponse.md
  - docs/Models/Operations/GetVersionMetadataRequest.md
  - docs/Models/Operations/GetVersionMetadataResponse.md
  - docs/Models/Operations/InsertVersionMetadataRequest.md
  - docs/Models/Operations/InsertVersionMetadataResponse.md
  - docs/Models/Operations/DeleteSchemaRequest.md
  - docs/Models/Operations/DeleteSchemaResponse.md
  - docs/Models/Operations/DownloadSchemaRequest.md
  - docs/Models/Operations/DownloadSchemaResponse.md
  - docs/Models/Operations/DownloadSchemaRevisionRequest.md
  - docs/Models/Operations/DownloadSchemaRevisionResponse.md
  - docs/Models/Operations/GetSchemaRequest.md
  - docs/Models/Operations/GetSchemaResponse.md
  - docs/Models/Operations/GetSchemaDiffRequest.md
  - docs/Models/Operations/GetSchemaDiffResponse.md
  - docs/Models/Operations/GetSchemaRevisionRequest.md
  - docs/Models/Operations/GetSchemaRevisionResponse.md
  - docs/Models/Operations/GetSchemasRequest.md
  - docs/Models/Operations/GetSchemasResponse.md
  - docs/Models/Operations/RegisterSchemaFile.md
  - docs/Models/Operations/RegisterSchemaRequestBody.md
  - docs/Models/Operations/RegisterSchemaRequest.md
  - docs/Models/Operations/RegisterSchemaResponse.md
  - docs/Models/Operations/GetBlobRequest.md
  - docs/Models/Operations/GetBlobResponse.md
  - docs/Models/Operations/GetManifestRequest.md
  - docs/Models/Operations/GetManifestResponse.md
  - docs/Models/Operations/GetNamespacesResponse.md
  - docs/Models/Operations/GetRevisionsRequest.md
  - docs/Models/Operations/GetRevisionsResponse.md
  - docs/Models/Operations/GetTagsRequest.md
  - docs/Models/Operations/GetTagsResponse.md
  - docs/Models/Operations/PostTagsRequest.md
  - docs/Models/Operations/PostTagsResponse.md
  - docs/Models/Operations/PreflightResponse.md
  - docs/Models/Operations/GetAccessTokenRequest.md
  - docs/Models/Operations/GetAccessTokenResponse.md
  - docs/Models/Operations/GetUserResponse.md
  - docs/Models/Operations/GetWorkspaceAccessRequest.md
  - docs/Models/Operations/GetWorkspaceAccessResponse.md
  - docs/Models/Operations/ValidateApiKeyResponse.md
  - docs/Models/Operations/GenerateRequestPostmanCollectionRequest.md
  - docs/Models/Operations/GenerateRequestPostmanCollectionResponse.md
  - docs/Models/Operations/GetRequestFromEventLogRequest.md
  - docs/Models/Operations/GetRequestFromEventLogResponse.md
  - docs/Models/Operations/QueryEventLogRequest.md
  - docs/Models/Operations/QueryEventLogResponse.md
  - docs/Models/Operations/GithubCheckAccessRequest.md
  - docs/Models/Operations/GithubCheckAccessResponse.md
  - docs/Models/Operations/GithubConfigureTargetResponse.md
  - docs/Models/Operations/GithubTriggerActionResponse.md
  - docs/Models/Operations/CreateFreeTrialResponse.md
  - docs/Models/Operations/GetOrganizationUsageResponse.md
  - docs/Models/Operations/GetOrganizationsResponse.md
  - docs/Models/Operations/GetChangesReportSignedUrlRequest.md
  - docs/Models/Operations/GetChangesReportSignedUrlSignedAccess.md
  - docs/Models/Operations/GetChangesReportSignedUrlResponse.md
  - docs/Models/Operations/GetLintingReportSignedUrlRequest.md
  - docs/Models/Operations/GetLintingReportSignedUrlSignedAccess.md
  - docs/Models/Operations/GetLintingReportSignedUrlResponse.md
  - docs/Models/Operations/File.md
  - docs/Models/Operations/UploadReportRequestBody.md
  - docs/Models/Operations/UploadReportUploadedReport.md
  - docs/Models/Operations/UploadReportResponse.md
  - docs/Models/Operations/DepthStyle.md
  - docs/Models/Operations/Style.md
  - docs/Models/Operations/Opts.md
  - docs/Models/Operations/Schema.md
  - docs/Models/Operations/SuggestOperationIDsRequestBody.md
  - docs/Models/Operations/SuggestOperationIDsSuggestion.md
  - docs/Models/Operations/SuggestOperationIDsResponse.md
  - docs/Models/Operations/GetEmbedAccessTokenRequest.md
  - docs/Models/Operations/GetEmbedAccessTokenResponse.md
  - docs/Models/Operations/GetValidEmbedAccessTokensResponse.md
  - docs/Models/Operations/RevokeEmbedAccessTokenRequest.md
  - docs/Models/Operations/RevokeEmbedAccessTokenResponse.md
  - docs/Models/Operations/GetWorkspaceEventsByTargetRequest.md
  - docs/Models/Operations/GetWorkspaceEventsByTargetResponse.md
  - docs/Models/Operations/GetWorkspaceTargetsRequest.md
  - docs/Models/Operations/GetWorkspaceTargetsResponse.md
  - docs/Models/Operations/PostWorkspaceEventsRequest.md
  - docs/Models/Operations/PostWorkspaceEventsResponse.md
  - docs/Models/Operations/SearchWorkspaceEventsRequest.md
  - docs/Models/Operations/SearchWorkspaceEventsResponse.md
  - docs/Models/Errors/Error.md
  - docs/Models/Shared/GenerateOpenApiSpecDiff.md
  - docs/Models/Shared/Api.md
  - docs/Models/Shared/ApiInput.md
  - docs/Models/Shared/ApiEndpoint.md
  - docs/Models/Shared/ApiEndpointInput.md
  - docs/Models/Shared/VersionMetadata.md
  - docs/Models/Shared/VersionMetadataInput.md
  - docs/Models/Shared/Schema.md
  - docs/Models/Shared/ValueChange.md
  - docs/Models/Shared/SchemaDiff.md
  - docs/Models/Shared/Manifest.md
  - docs/Models/Shared/V2Descriptor.md
  - docs/Models/Shared/Annotations.md
  - docs/Models/Shared/GetNamespacesResponse.md
  - docs/Models/Shared/Namespace.md
  - docs/Models/Shared/GetRevisionsResponse.md
  - docs/Models/Shared/Revision.md
  - docs/Models/Shared/GetTagsResponse.md
  - docs/Models/Shared/Tag.md
  - docs/Models/Shared/AddTags.md
  - docs/Models/Shared/PreflightToken.md
  - docs/Models/Shared/PreflightRequest.md
  - docs/Models/Shared/Claims.md
  - docs/Models/Shared/AccessTokenUser.md
  - docs/Models/Shared/AccessTokenAccountType.md
  - docs/Models/Shared/Workspaces.md
  - docs/Models/Shared/AccessToken.md
  - docs/Models/Shared/FeatureFlag.md
  - docs/Models/Shared/User.md
  - docs/Models/Shared/Level.md
  - docs/Models/Shared/AccessDetails.md
  - docs/Models/Shared/AccountType.md
  - docs/Models/Shared/ApiKeyDetails.md
  - docs/Models/Shared/UnboundedRequest.md
  - docs/Models/Shared/BoundedRequest.md
  - docs/Models/Shared/RequestMetadata.md
  - docs/Models/Shared/Filters.md
  - docs/Models/Shared/Filter.md
  - docs/Models/Shared/GithubConfigureTargetRequest.md
  - docs/Models/Shared/GithubTriggerActionRequest.md
  - docs/Models/Shared/OrganizationUsageResponse.md
  - docs/Models/Shared/OrganizationUsage.md
  - docs/Models/Shared/OrganizationAccountType.md
  - docs/Models/Shared/Organization.md
  - docs/Models/Shared/Type.md
  - docs/Models/Shared/Report.md
  - docs/Models/Shared/EmbedAccessTokenResponse.md
  - docs/Models/Shared/EmbedToken.md
  - docs/Models/Shared/GenerateBumpType.md
  - docs/Models/Shared/OpenapiDiffBumpType.md
  - docs/Models/Shared/CliEvent.md
  - docs/Models/Shared/InteractionType.md
  - docs/Models/Shared/TargetSDK.md
  - docs/Models/Shared/Security.md
  - docs/sdks/speakeasysdk/README.md
  - docs/sdks/apis/README.md
  - docs/sdks/apiendpoints/README.md
  - docs/sdks/metadata/README.md
  - docs/sdks/schemas/README.md
  - docs/sdks/artifacts/README.md
  - docs/sdks/auth/README.md
  - docs/sdks/requests/README.md
  - docs/sdks/github/README.md
  - docs/sdks/organizations/README.md
  - docs/sdks/reports/README.md
  - docs/sdks/suggest/README.md
  - docs/sdks/embeds/README.md
  - docs/sdks/events/README.md
  - USAGE.md
  - .gitattributes
  - Speakeasy/Client/SDK/Hooks/SDKHooks.cs
  - Speakeasy/Client/SDK/Hooks/HookTypes.cs
