lockVersion: 2.0.0
id: f73d2126-985b-4d69-88ee-b7c69254d8bf
management:
  docChecksum: 91d0aeea02ab32b58fdf8e9ef49d1b48
  docVersion: 0.4.0
  speakeasyVersion: 1.492.0
  generationVersion: 2.512.4
  releaseVersion: 5.13.0
  configChecksum: c3d65c0a86442fbf218eee245ee9b1c4
  repoURL: https://github.com/speakeasy-api/speakeasy-client-sdk-csharp.git
  repoSubDirectory: .
  published: true
features:
  csharp:
    additionalDependencies: 0.1.0
    constsAndDefaults: 0.0.1
    core: 3.10.13
    deprecations: 2.81.2
    globalSecurity: 2.83.7
    globalSecurityCallbacks: 0.1.0
    globalServerURLs: 2.82.3
    globals: 2.82.1
    intellisenseMarkdownSupport: 0.1.0
    methodArguments: 0.2.0
    nameOverrides: 2.81.2
    nullables: 0.1.0
    responseFormat: 0.0.4
    retries: 0.0.1
    sdkHooks: 0.1.0
    serverIDs: 2.82.1
generatedFiles:
  - .gitattributes
  - NUGET.md
  - SpeakeasySDK.sln
  - USAGE.md
  - docs/Models/Errors/Error.md
  - docs/Models/Operations/ActivateSubscriptionNamespaceRequest.md
  - docs/Models/Operations/ActivateSubscriptionNamespaceResponse.md
  - docs/Models/Operations/ArchiveNamespaceRequest.md
  - docs/Models/Operations/ArchiveNamespaceRequestBody.md
  - docs/Models/Operations/ArchiveNamespaceResponse.md
  - docs/Models/Operations/CheckGithubAccessRequest.md
  - docs/Models/Operations/CheckGithubAccessResponse.md
  - docs/Models/Operations/CreateFreeTrialResponse.md
  - docs/Models/Operations/CreateOrganizationResponse.md
  - docs/Models/Operations/CreateRemoteSourceResponse.md
  - docs/Models/Operations/CreateRequestBody.md
  - docs/Models/Operations/CreateResponse.md
  - docs/Models/Operations/CreateWorkspaceResponse.md
  - docs/Models/Operations/CreateWorkspaceTokenRequest.md
  - docs/Models/Operations/CreateWorkspaceTokenResponse.md
  - docs/Models/Operations/DeleteWorkspaceTokenRequest.md
  - docs/Models/Operations/DeleteWorkspaceTokenResponse.md
  - docs/Models/Operations/File.md
  - docs/Models/Operations/GenerateCodeSamplePreviewAsyncResponse.md
  - docs/Models/Operations/GenerateCodeSamplePreviewAsyncResponseBody.md
  - docs/Models/Operations/GenerateCodeSamplePreviewResponse.md
  - docs/Models/Operations/GetAccessTokenRequest.md
  - docs/Models/Operations/GetAccessTokenResponse.md
  - docs/Models/Operations/GetBlobRequest.md
  - docs/Models/Operations/GetBlobResponse.md
  - docs/Models/Operations/GetChangesReportSignedUrlRequest.md
  - docs/Models/Operations/GetChangesReportSignedUrlResponse.md
  - docs/Models/Operations/GetChangesReportSignedUrlSignedAccess.md
  - docs/Models/Operations/GetCodeSamplePreviewAsyncRequest.md
  - docs/Models/Operations/GetCodeSamplePreviewAsyncResponse.md
  - docs/Models/Operations/GetCodeSamplePreviewAsyncResponseBody.md
  - docs/Models/Operations/GetGitHubActionRequest.md
  - docs/Models/Operations/GetGitHubActionResponse.md
  - docs/Models/Operations/GetGithubSetupStateRequest.md
  - docs/Models/Operations/GetGithubSetupStateResponse.md
  - docs/Models/Operations/GetLintingReportSignedUrlRequest.md
  - docs/Models/Operations/GetLintingReportSignedUrlResponse.md
  - docs/Models/Operations/GetLintingReportSignedUrlSignedAccess.md
  - docs/Models/Operations/GetManifestRequest.md
  - docs/Models/Operations/GetManifestResponse.md
  - docs/Models/Operations/GetNamespacesResponse.md
  - docs/Models/Operations/GetOrganizationRequest.md
  - docs/Models/Operations/GetOrganizationResponse.md
  - docs/Models/Operations/GetOrganizationUsageResponse.md
  - docs/Models/Operations/GetOrganizationsResponse.md
  - docs/Models/Operations/GetRevisionsRequest.md
  - docs/Models/Operations/GetRevisionsResponse.md
  - docs/Models/Operations/GetTagsRequest.md
  - docs/Models/Operations/GetTagsResponse.md
  - docs/Models/Operations/GetUserResponse.md
  - docs/Models/Operations/GetWorkspaceAccessRequest.md
  - docs/Models/Operations/GetWorkspaceAccessResponse.md
  - docs/Models/Operations/GetWorkspaceByContextResponse.md
  - docs/Models/Operations/GetWorkspaceEventsByTargetRequest.md
  - docs/Models/Operations/GetWorkspaceEventsByTargetResponse.md
  - docs/Models/Operations/GetWorkspaceFeatureFlagsRequest.md
  - docs/Models/Operations/GetWorkspaceFeatureFlagsResponse.md
  - docs/Models/Operations/GetWorkspaceRequest.md
  - docs/Models/Operations/GetWorkspaceResponse.md
  - docs/Models/Operations/GetWorkspaceSettingsRequest.md
  - docs/Models/Operations/GetWorkspaceSettingsResponse.md
  - docs/Models/Operations/GetWorkspaceTargetsDeprecatedRequest.md
  - docs/Models/Operations/GetWorkspaceTargetsDeprecatedResponse.md
  - docs/Models/Operations/GetWorkspaceTargetsRequest.md
  - docs/Models/Operations/GetWorkspaceTargetsResponse.md
  - docs/Models/Operations/GetWorkspaceTeamRequest.md
  - docs/Models/Operations/GetWorkspaceTeamResponse.md
  - docs/Models/Operations/GetWorkspaceTokensRequest.md
  - docs/Models/Operations/GetWorkspaceTokensResponse.md
  - docs/Models/Operations/GetWorkspacesResponse.md
  - docs/Models/Operations/GithubCheckPublishingPRsRequest.md
  - docs/Models/Operations/GithubCheckPublishingPRsResponse.md
  - docs/Models/Operations/GithubCheckPublishingSecretsRequest.md
  - docs/Models/Operations/GithubCheckPublishingSecretsResponse.md
  - docs/Models/Operations/GithubConfigureCodeSamplesResponse.md
  - docs/Models/Operations/GithubConfigureMintlifyRepoResponse.md
  - docs/Models/Operations/GithubConfigureTargetResponse.md
  - docs/Models/Operations/GithubStorePublishingSecretsResponse.md
  - docs/Models/Operations/GithubTriggerActionResponse.md
  - docs/Models/Operations/GrantUserAccessToWorkspaceRequest.md
  - docs/Models/Operations/GrantUserAccessToWorkspaceResponse.md
  - docs/Models/Operations/IgnoreSubscriptionNamespaceRequest.md
  - docs/Models/Operations/IgnoreSubscriptionNamespaceResponse.md
  - docs/Models/Operations/LinkGithubAccessRequest.md
  - docs/Models/Operations/LinkGithubAccessResponse.md
  - docs/Models/Operations/ListRemoteSourcesRequest.md
  - docs/Models/Operations/ListRemoteSourcesResponse.md
  - docs/Models/Operations/PostTagsRequest.md
  - docs/Models/Operations/PostTagsResponse.md
  - docs/Models/Operations/PostWorkspaceEventsRequest.md
  - docs/Models/Operations/PostWorkspaceEventsResponse.md
  - docs/Models/Operations/PreflightResponse.md
  - docs/Models/Operations/RevokeUserAccessToWorkspaceRequest.md
  - docs/Models/Operations/RevokeUserAccessToWorkspaceResponse.md
  - docs/Models/Operations/Schema.md
  - docs/Models/Operations/SearchWorkspaceEventsRequest.md
  - docs/Models/Operations/SearchWorkspaceEventsResponse.md
  - docs/Models/Operations/SetVisibilityRequest.md
  - docs/Models/Operations/SetVisibilityRequestBody.md
  - docs/Models/Operations/SetVisibilityResponse.md
  - docs/Models/Operations/SetWorkspaceFeatureFlagsResponse.md
  - docs/Models/Operations/SuggestItemsResponse.md
  - docs/Models/Operations/SuggestOpenAPIRegistryRequest.md
  - docs/Models/Operations/SuggestOpenAPIRegistryResponse.md
  - docs/Models/Operations/SuggestOpenAPIRequest.md
  - docs/Models/Operations/SuggestOpenAPIRequestBody.md
  - docs/Models/Operations/SuggestOpenAPIResponse.md
  - docs/Models/Operations/SuggestRequest.md
  - docs/Models/Operations/SuggestResponse.md
  - docs/Models/Operations/UpdateWorkspaceDetailsRequest.md
  - docs/Models/Operations/UpdateWorkspaceDetailsResponse.md
  - docs/Models/Operations/UpdateWorkspaceSettingsRequest.md
  - docs/Models/Operations/UpdateWorkspaceSettingsResponse.md
  - docs/Models/Operations/UploadReportRequestBody.md
  - docs/Models/Operations/UploadReportResponse.md
  - docs/Models/Operations/UploadReportUploadedReport.md
  - docs/Models/Operations/ValidateApiKeyResponse.md
  - docs/Models/Shared/AccessDetails.md
  - docs/Models/Shared/AccessToken.md
  - docs/Models/Shared/AccessTokenUser.md
  - docs/Models/Shared/AccountType.md
  - docs/Models/Shared/Actions.md
  - docs/Models/Shared/AddTags.md
  - docs/Models/Shared/Annotations.md
  - docs/Models/Shared/ApiKeyDetails.md
  - docs/Models/Shared/Auth.md
  - docs/Models/Shared/Claims.md
  - docs/Models/Shared/CliEvent.md
  - docs/Models/Shared/CodeSampleSchemaInput.md
  - docs/Models/Shared/CodeSamplesJobStatus.md
  - docs/Models/Shared/CompositeSpecMetadata.md
  - docs/Models/Shared/Diagnostic.md
  - docs/Models/Shared/FeatureFlag.md
  - docs/Models/Shared/GenerateBumpType.md
  - docs/Models/Shared/GetNamespacesResponse.md
  - docs/Models/Shared/GetRevisionsResponse.md
  - docs/Models/Shared/GetTagsResponse.md
  - docs/Models/Shared/GithubConfigureCodeSamplesRequest.md
  - docs/Models/Shared/GithubConfigureCodeSamplesResponse.md
  - docs/Models/Shared/GithubConfigureMintlifyRepoRequest.md
  - docs/Models/Shared/GithubConfigureTargetRequest.md
  - docs/Models/Shared/GithubGetActionResponse.md
  - docs/Models/Shared/GithubMissingPublishingSecretsResponse.md
  - docs/Models/Shared/GithubPublishingPRResponse.md
  - docs/Models/Shared/GithubSetupStateResponse.md
  - docs/Models/Shared/GithubStorePublishingSecretsRequest.md
  - docs/Models/Shared/GithubTriggerActionRequest.md
  - docs/Models/Shared/InteractionType.md
  - docs/Models/Shared/Level.md
  - docs/Models/Shared/License.md
  - docs/Models/Shared/Manifest.md
  - docs/Models/Shared/Namespace.md
  - docs/Models/Shared/OASInfo.md
  - docs/Models/Shared/OASOperation.md
  - docs/Models/Shared/OASSummary.md
  - docs/Models/Shared/OpenapiDiffBumpType.md
  - docs/Models/Shared/Organization.md
  - docs/Models/Shared/OrganizationUsage.md
  - docs/Models/Shared/OrganizationUsageResponse.md
  - docs/Models/Shared/PreflightRequest.md
  - docs/Models/Shared/PreflightToken.md
  - docs/Models/Shared/PullRequestMetadata.md
  - docs/Models/Shared/Relationship.md
  - docs/Models/Shared/RemoteDocument.md
  - docs/Models/Shared/RemoteSource.md
  - docs/Models/Shared/RemoteSourceSubscriptionSettings.md
  - docs/Models/Shared/Report.md
  - docs/Models/Shared/Revision.md
  - docs/Models/Shared/RevisionContentsMetadata.md
  - docs/Models/Shared/RevisionContentsMetadataType.md
  - docs/Models/Shared/SSOMetadata.md
  - docs/Models/Shared/SchemaFile.md
  - docs/Models/Shared/Secrets.md
  - docs/Models/Shared/Security.md
  - docs/Models/Shared/ShortURL.md
  - docs/Models/Shared/SuggestItemsRequestBody.md
  - docs/Models/Shared/SuggestOptsOld.md
  - docs/Models/Shared/SuggestRequestBody.md
  - docs/Models/Shared/SuggestRequestBodySuggestionType.md
  - docs/Models/Shared/SuggestionType.md
  - docs/Models/Shared/Tag.md
  - docs/Models/Shared/TargetSDK.md
  - docs/Models/Shared/Type.md
  - docs/Models/Shared/UsageSnippet.md
  - docs/Models/Shared/UsageSnippets.md
  - docs/Models/Shared/User.md
  - docs/Models/Shared/V2Descriptor.md
  - docs/Models/Shared/WorkflowDocument.md
  - docs/Models/Shared/Workspace.md
  - docs/Models/Shared/WorkspaceAndOrganization.md
  - docs/Models/Shared/WorkspaceFeatureFlag.md
  - docs/Models/Shared/WorkspaceFeatureFlagRequest.md
  - docs/Models/Shared/WorkspaceFeatureFlagResponse.md
  - docs/Models/Shared/WorkspaceInviteResponse.md
  - docs/Models/Shared/WorkspaceSettings.md
  - docs/Models/Shared/WorkspaceTeamResponse.md
  - docs/Models/Shared/WorkspaceToken.md
  - docs/Models/Shared/Workspaces.md
  - docs/sdks/artifacts/README.md
  - docs/sdks/auth/README.md
  - docs/sdks/codesamples/README.md
  - docs/sdks/events/README.md
  - docs/sdks/github/README.md
  - docs/sdks/organizations/README.md
  - docs/sdks/reports/README.md
  - docs/sdks/sdk/README.md
  - docs/sdks/shorturls/README.md
  - docs/sdks/subscriptions/README.md
  - docs/sdks/suggest/README.md
  - docs/sdks/workspaces/README.md
  - global.json
  - src/SpeakeasySDK/Artifacts.cs
  - src/SpeakeasySDK/Auth.cs
  - src/SpeakeasySDK/CodeSamples.cs
  - src/SpeakeasySDK/Events.cs
  - src/SpeakeasySDK/Github.cs
  - src/SpeakeasySDK/Hooks/HookTypes.cs
  - src/SpeakeasySDK/Hooks/SDKHooks.cs
  - src/SpeakeasySDK/Models/Errors/Error.cs
  - src/SpeakeasySDK/Models/Errors/SDKException.cs
  - src/SpeakeasySDK/Models/Operations/ActivateSubscriptionNamespaceRequest.cs
  - src/SpeakeasySDK/Models/Operations/ActivateSubscriptionNamespaceResponse.cs
  - src/SpeakeasySDK/Models/Operations/ArchiveNamespaceRequest.cs
  - src/SpeakeasySDK/Models/Operations/ArchiveNamespaceRequestBody.cs
  - src/SpeakeasySDK/Models/Operations/ArchiveNamespaceResponse.cs
  - src/SpeakeasySDK/Models/Operations/CheckGithubAccessRequest.cs
  - src/SpeakeasySDK/Models/Operations/CheckGithubAccessResponse.cs
  - src/SpeakeasySDK/Models/Operations/CreateFreeTrialResponse.cs
  - src/SpeakeasySDK/Models/Operations/CreateOrganizationResponse.cs
  - src/SpeakeasySDK/Models/Operations/CreateRemoteSourceResponse.cs
  - src/SpeakeasySDK/Models/Operations/CreateRequestBody.cs
  - src/SpeakeasySDK/Models/Operations/CreateResponse.cs
  - src/SpeakeasySDK/Models/Operations/CreateWorkspaceResponse.cs
  - src/SpeakeasySDK/Models/Operations/CreateWorkspaceTokenRequest.cs
  - src/SpeakeasySDK/Models/Operations/CreateWorkspaceTokenResponse.cs
  - src/SpeakeasySDK/Models/Operations/DeleteWorkspaceTokenRequest.cs
  - src/SpeakeasySDK/Models/Operations/DeleteWorkspaceTokenResponse.cs
  - src/SpeakeasySDK/Models/Operations/File.cs
  - src/SpeakeasySDK/Models/Operations/GenerateCodeSamplePreviewAsyncResponse.cs
  - src/SpeakeasySDK/Models/Operations/GenerateCodeSamplePreviewAsyncResponseBody.cs
  - src/SpeakeasySDK/Models/Operations/GenerateCodeSamplePreviewResponse.cs
  - src/SpeakeasySDK/Models/Operations/GetAccessTokenRequest.cs
  - src/SpeakeasySDK/Models/Operations/GetAccessTokenResponse.cs
  - src/SpeakeasySDK/Models/Operations/GetBlobRequest.cs
  - src/SpeakeasySDK/Models/Operations/GetBlobResponse.cs
  - src/SpeakeasySDK/Models/Operations/GetChangesReportSignedUrlRequest.cs
  - src/SpeakeasySDK/Models/Operations/GetChangesReportSignedUrlResponse.cs
  - src/SpeakeasySDK/Models/Operations/GetChangesReportSignedUrlSignedAccess.cs
  - src/SpeakeasySDK/Models/Operations/GetCodeSamplePreviewAsyncRequest.cs
  - src/SpeakeasySDK/Models/Operations/GetCodeSamplePreviewAsyncResponse.cs
  - src/SpeakeasySDK/Models/Operations/GetCodeSamplePreviewAsyncResponseBody.cs
  - src/SpeakeasySDK/Models/Operations/GetGitHubActionRequest.cs
  - src/SpeakeasySDK/Models/Operations/GetGitHubActionResponse.cs
  - src/SpeakeasySDK/Models/Operations/GetGithubSetupStateRequest.cs
  - src/SpeakeasySDK/Models/Operations/GetGithubSetupStateResponse.cs
  - src/SpeakeasySDK/Models/Operations/GetLintingReportSignedUrlRequest.cs
  - src/SpeakeasySDK/Models/Operations/GetLintingReportSignedUrlResponse.cs
  - src/SpeakeasySDK/Models/Operations/GetLintingReportSignedUrlSignedAccess.cs
  - src/SpeakeasySDK/Models/Operations/GetManifestRequest.cs
  - src/SpeakeasySDK/Models/Operations/GetManifestResponse.cs
  - src/SpeakeasySDK/Models/Operations/GetNamespacesResponse.cs
  - src/SpeakeasySDK/Models/Operations/GetOrganizationRequest.cs
  - src/SpeakeasySDK/Models/Operations/GetOrganizationResponse.cs
  - src/SpeakeasySDK/Models/Operations/GetOrganizationUsageResponse.cs
  - src/SpeakeasySDK/Models/Operations/GetOrganizationsResponse.cs
  - src/SpeakeasySDK/Models/Operations/GetRevisionsRequest.cs
  - src/SpeakeasySDK/Models/Operations/GetRevisionsResponse.cs
  - src/SpeakeasySDK/Models/Operations/GetTagsRequest.cs
  - src/SpeakeasySDK/Models/Operations/GetTagsResponse.cs
  - src/SpeakeasySDK/Models/Operations/GetUserResponse.cs
  - src/SpeakeasySDK/Models/Operations/GetWorkspaceAccessRequest.cs
  - src/SpeakeasySDK/Models/Operations/GetWorkspaceAccessResponse.cs
  - src/SpeakeasySDK/Models/Operations/GetWorkspaceByContextResponse.cs
  - src/SpeakeasySDK/Models/Operations/GetWorkspaceEventsByTargetRequest.cs
  - src/SpeakeasySDK/Models/Operations/GetWorkspaceEventsByTargetResponse.cs
  - src/SpeakeasySDK/Models/Operations/GetWorkspaceFeatureFlagsRequest.cs
  - src/SpeakeasySDK/Models/Operations/GetWorkspaceFeatureFlagsResponse.cs
  - src/SpeakeasySDK/Models/Operations/GetWorkspaceRequest.cs
  - src/SpeakeasySDK/Models/Operations/GetWorkspaceResponse.cs
  - src/SpeakeasySDK/Models/Operations/GetWorkspaceSettingsRequest.cs
  - src/SpeakeasySDK/Models/Operations/GetWorkspaceSettingsResponse.cs
  - src/SpeakeasySDK/Models/Operations/GetWorkspaceTargetsDeprecatedRequest.cs
  - src/SpeakeasySDK/Models/Operations/GetWorkspaceTargetsDeprecatedResponse.cs
  - src/SpeakeasySDK/Models/Operations/GetWorkspaceTargetsRequest.cs
  - src/SpeakeasySDK/Models/Operations/GetWorkspaceTargetsResponse.cs
  - src/SpeakeasySDK/Models/Operations/GetWorkspaceTeamRequest.cs
  - src/SpeakeasySDK/Models/Operations/GetWorkspaceTeamResponse.cs
  - src/SpeakeasySDK/Models/Operations/GetWorkspaceTokensRequest.cs
  - src/SpeakeasySDK/Models/Operations/GetWorkspaceTokensResponse.cs
  - src/SpeakeasySDK/Models/Operations/GetWorkspacesResponse.cs
  - src/SpeakeasySDK/Models/Operations/GithubCheckPublishingPRsRequest.cs
  - src/SpeakeasySDK/Models/Operations/GithubCheckPublishingPRsResponse.cs
  - src/SpeakeasySDK/Models/Operations/GithubCheckPublishingSecretsRequest.cs
  - src/SpeakeasySDK/Models/Operations/GithubCheckPublishingSecretsResponse.cs
  - src/SpeakeasySDK/Models/Operations/GithubConfigureCodeSamplesResponse.cs
  - src/SpeakeasySDK/Models/Operations/GithubConfigureMintlifyRepoResponse.cs
  - src/SpeakeasySDK/Models/Operations/GithubConfigureTargetResponse.cs
  - src/SpeakeasySDK/Models/Operations/GithubStorePublishingSecretsResponse.cs
  - src/SpeakeasySDK/Models/Operations/GithubTriggerActionResponse.cs
  - src/SpeakeasySDK/Models/Operations/GrantUserAccessToWorkspaceRequest.cs
  - src/SpeakeasySDK/Models/Operations/GrantUserAccessToWorkspaceResponse.cs
  - src/SpeakeasySDK/Models/Operations/IgnoreSubscriptionNamespaceRequest.cs
  - src/SpeakeasySDK/Models/Operations/IgnoreSubscriptionNamespaceResponse.cs
  - src/SpeakeasySDK/Models/Operations/LinkGithubAccessRequest.cs
  - src/SpeakeasySDK/Models/Operations/LinkGithubAccessResponse.cs
  - src/SpeakeasySDK/Models/Operations/ListRemoteSourcesRequest.cs
  - src/SpeakeasySDK/Models/Operations/ListRemoteSourcesResponse.cs
  - src/SpeakeasySDK/Models/Operations/PostTagsRequest.cs
  - src/SpeakeasySDK/Models/Operations/PostTagsResponse.cs
  - src/SpeakeasySDK/Models/Operations/PostWorkspaceEventsRequest.cs
  - src/SpeakeasySDK/Models/Operations/PostWorkspaceEventsResponse.cs
  - src/SpeakeasySDK/Models/Operations/PreflightResponse.cs
  - src/SpeakeasySDK/Models/Operations/RevokeUserAccessToWorkspaceRequest.cs
  - src/SpeakeasySDK/Models/Operations/RevokeUserAccessToWorkspaceResponse.cs
  - src/SpeakeasySDK/Models/Operations/Schema.cs
  - src/SpeakeasySDK/Models/Operations/SearchWorkspaceEventsRequest.cs
  - src/SpeakeasySDK/Models/Operations/SearchWorkspaceEventsResponse.cs
  - src/SpeakeasySDK/Models/Operations/SetVisibilityRequest.cs
  - src/SpeakeasySDK/Models/Operations/SetVisibilityRequestBody.cs
  - src/SpeakeasySDK/Models/Operations/SetVisibilityResponse.cs
  - src/SpeakeasySDK/Models/Operations/SetWorkspaceFeatureFlagsResponse.cs
  - src/SpeakeasySDK/Models/Operations/SuggestItemsResponse.cs
  - src/SpeakeasySDK/Models/Operations/SuggestOpenAPIRegistryRequest.cs
  - src/SpeakeasySDK/Models/Operations/SuggestOpenAPIRegistryResponse.cs
  - src/SpeakeasySDK/Models/Operations/SuggestOpenAPIRequest.cs
  - src/SpeakeasySDK/Models/Operations/SuggestOpenAPIRequestBody.cs
  - src/SpeakeasySDK/Models/Operations/SuggestOpenAPIResponse.cs
  - src/SpeakeasySDK/Models/Operations/SuggestRequest.cs
  - src/SpeakeasySDK/Models/Operations/SuggestResponse.cs
  - src/SpeakeasySDK/Models/Operations/UpdateWorkspaceDetailsRequest.cs
  - src/SpeakeasySDK/Models/Operations/UpdateWorkspaceDetailsResponse.cs
  - src/SpeakeasySDK/Models/Operations/UpdateWorkspaceSettingsRequest.cs
  - src/SpeakeasySDK/Models/Operations/UpdateWorkspaceSettingsResponse.cs
  - src/SpeakeasySDK/Models/Operations/UploadReportRequestBody.cs
  - src/SpeakeasySDK/Models/Operations/UploadReportResponse.cs
  - src/SpeakeasySDK/Models/Operations/UploadReportUploadedReport.cs
  - src/SpeakeasySDK/Models/Operations/ValidateApiKeyResponse.cs
  - src/SpeakeasySDK/Models/Shared/AccessDetails.cs
  - src/SpeakeasySDK/Models/Shared/AccessToken.cs
  - src/SpeakeasySDK/Models/Shared/AccessTokenUser.cs
  - src/SpeakeasySDK/Models/Shared/AccountType.cs
  - src/SpeakeasySDK/Models/Shared/Actions.cs
  - src/SpeakeasySDK/Models/Shared/AddTags.cs
  - src/SpeakeasySDK/Models/Shared/Annotations.cs
  - src/SpeakeasySDK/Models/Shared/ApiKeyDetails.cs
  - src/SpeakeasySDK/Models/Shared/Auth.cs
  - src/SpeakeasySDK/Models/Shared/Claims.cs
  - src/SpeakeasySDK/Models/Shared/CliEvent.cs
  - src/SpeakeasySDK/Models/Shared/CodeSampleSchemaInput.cs
  - src/SpeakeasySDK/Models/Shared/CodeSamplesJobStatus.cs
  - src/SpeakeasySDK/Models/Shared/CompositeSpecMetadata.cs
  - src/SpeakeasySDK/Models/Shared/Diagnostic.cs
  - src/SpeakeasySDK/Models/Shared/FeatureFlag.cs
  - src/SpeakeasySDK/Models/Shared/GenerateBumpType.cs
  - src/SpeakeasySDK/Models/Shared/GetNamespacesResponse.cs
  - src/SpeakeasySDK/Models/Shared/GetRevisionsResponse.cs
  - src/SpeakeasySDK/Models/Shared/GetTagsResponse.cs
  - src/SpeakeasySDK/Models/Shared/GithubConfigureCodeSamplesRequest.cs
  - src/SpeakeasySDK/Models/Shared/GithubConfigureCodeSamplesResponse.cs
  - src/SpeakeasySDK/Models/Shared/GithubConfigureMintlifyRepoRequest.cs
  - src/SpeakeasySDK/Models/Shared/GithubConfigureTargetRequest.cs
  - src/SpeakeasySDK/Models/Shared/GithubGetActionResponse.cs
  - src/SpeakeasySDK/Models/Shared/GithubMissingPublishingSecretsResponse.cs
  - src/SpeakeasySDK/Models/Shared/GithubPublishingPRResponse.cs
  - src/SpeakeasySDK/Models/Shared/GithubSetupStateResponse.cs
  - src/SpeakeasySDK/Models/Shared/GithubStorePublishingSecretsRequest.cs
  - src/SpeakeasySDK/Models/Shared/GithubTriggerActionRequest.cs
  - src/SpeakeasySDK/Models/Shared/InteractionType.cs
  - src/SpeakeasySDK/Models/Shared/Level.cs
  - src/SpeakeasySDK/Models/Shared/License.cs
  - src/SpeakeasySDK/Models/Shared/Manifest.cs
  - src/SpeakeasySDK/Models/Shared/Namespace.cs
  - src/SpeakeasySDK/Models/Shared/OASInfo.cs
  - src/SpeakeasySDK/Models/Shared/OASOperation.cs
  - src/SpeakeasySDK/Models/Shared/OASSummary.cs
  - src/SpeakeasySDK/Models/Shared/OpenapiDiffBumpType.cs
  - src/SpeakeasySDK/Models/Shared/Organization.cs
  - src/SpeakeasySDK/Models/Shared/OrganizationUsage.cs
  - src/SpeakeasySDK/Models/Shared/OrganizationUsageResponse.cs
  - src/SpeakeasySDK/Models/Shared/PreflightRequest.cs
  - src/SpeakeasySDK/Models/Shared/PreflightToken.cs
  - src/SpeakeasySDK/Models/Shared/PullRequestMetadata.cs
  - src/SpeakeasySDK/Models/Shared/Relationship.cs
  - src/SpeakeasySDK/Models/Shared/RemoteDocument.cs
  - src/SpeakeasySDK/Models/Shared/RemoteSource.cs
  - src/SpeakeasySDK/Models/Shared/RemoteSourceSubscriptionSettings.cs
  - src/SpeakeasySDK/Models/Shared/Report.cs
  - src/SpeakeasySDK/Models/Shared/Revision.cs
  - src/SpeakeasySDK/Models/Shared/RevisionContentsMetadata.cs
  - src/SpeakeasySDK/Models/Shared/RevisionContentsMetadataType.cs
  - src/SpeakeasySDK/Models/Shared/SSOMetadata.cs
  - src/SpeakeasySDK/Models/Shared/SchemaFile.cs
  - src/SpeakeasySDK/Models/Shared/Secrets.cs
  - src/SpeakeasySDK/Models/Shared/Security.cs
  - src/SpeakeasySDK/Models/Shared/ShortURL.cs
  - src/SpeakeasySDK/Models/Shared/SuggestItemsRequestBody.cs
  - src/SpeakeasySDK/Models/Shared/SuggestOptsOld.cs
  - src/SpeakeasySDK/Models/Shared/SuggestRequestBody.cs
  - src/SpeakeasySDK/Models/Shared/SuggestRequestBodySuggestionType.cs
  - src/SpeakeasySDK/Models/Shared/SuggestionType.cs
  - src/SpeakeasySDK/Models/Shared/Tag.cs
  - src/SpeakeasySDK/Models/Shared/TargetSDK.cs
  - src/SpeakeasySDK/Models/Shared/Type.cs
  - src/SpeakeasySDK/Models/Shared/UsageSnippet.cs
  - src/SpeakeasySDK/Models/Shared/UsageSnippets.cs
  - src/SpeakeasySDK/Models/Shared/User.cs
  - src/SpeakeasySDK/Models/Shared/V2Descriptor.cs
  - src/SpeakeasySDK/Models/Shared/WorkflowDocument.cs
  - src/SpeakeasySDK/Models/Shared/Workspace.cs
  - src/SpeakeasySDK/Models/Shared/WorkspaceAndOrganization.cs
  - src/SpeakeasySDK/Models/Shared/WorkspaceFeatureFlag.cs
  - src/SpeakeasySDK/Models/Shared/WorkspaceFeatureFlagRequest.cs
  - src/SpeakeasySDK/Models/Shared/WorkspaceFeatureFlagResponse.cs
  - src/SpeakeasySDK/Models/Shared/WorkspaceInviteResponse.cs
  - src/SpeakeasySDK/Models/Shared/WorkspaceSettings.cs
  - src/SpeakeasySDK/Models/Shared/WorkspaceTeamResponse.cs
  - src/SpeakeasySDK/Models/Shared/WorkspaceToken.cs
  - src/SpeakeasySDK/Models/Shared/Workspaces.cs
  - src/SpeakeasySDK/Organizations.cs
  - src/SpeakeasySDK/Reports.cs
  - src/SpeakeasySDK/SDK.cs
  - src/SpeakeasySDK/ShortURLs.cs
  - src/SpeakeasySDK/SpeakeasySDK.csproj
  - src/SpeakeasySDK/Subscriptions.cs
  - src/SpeakeasySDK/Suggest.cs
  - src/SpeakeasySDK/Utils/AnyDeserializer.cs
  - src/SpeakeasySDK/Utils/BigIntStrConverter.cs
  - src/SpeakeasySDK/Utils/DecimalStrConverter.cs
  - src/SpeakeasySDK/Utils/EnumConverter.cs
  - src/SpeakeasySDK/Utils/FlexibleObjectDeserializer.cs
  - src/SpeakeasySDK/Utils/HeaderSerializer.cs
  - src/SpeakeasySDK/Utils/IsoDateTimeSerializer.cs
  - src/SpeakeasySDK/Utils/RequestBodySerializer.cs
  - src/SpeakeasySDK/Utils/ResponseBodyDeserializer.cs
  - src/SpeakeasySDK/Utils/Retries/BackoffStrategy.cs
  - src/SpeakeasySDK/Utils/Retries/Retries.cs
  - src/SpeakeasySDK/Utils/Retries/RetryConfig.cs
  - src/SpeakeasySDK/Utils/SecurityMetadata.cs
  - src/SpeakeasySDK/Utils/SpeakeasyHttpClient.cs
  - src/SpeakeasySDK/Utils/SpeakeasyMetadata.cs
  - src/SpeakeasySDK/Utils/URLBuilder.cs
  - src/SpeakeasySDK/Utils/Utilities.cs
  - src/SpeakeasySDK/Workspaces.cs
examples:
  createRemoteSource: {}
  getBlob:
    speakeasy-default-get-blob:
      parameters:
        path:
          organization_slug: "<value>"
          workspace_slug: "<value>"
          namespace_name: "<value>"
          digest: "<value>"
  getManifest:
    speakeasy-default-get-manifest:
      parameters:
        path:
          organization_slug: "<value>"
          workspace_slug: "<value>"
          namespace_name: "<value>"
          revision_reference: "<value>"
      responses:
        2XX:
          application/vnd.oci.image.manifest.v1+json: {"layers": [{"digest": "sha256:5d20c808ce198565ff70b3ed23a991dd49afac45dece63474b27ce6ed036adc6", "mediaType": "application/vnd.docker.image.rootfs.diff.tar.gzip", "size": 2107098}], "mediaType": "application/vnd.docker.distribution.manifest.v2+json", "schemaVersion": 2}
        4XX: {}
  getNamespaces: {}
  getRevisions:
    speakeasy-default-get-revisions:
      parameters:
        path:
          namespace_name: "<value>"
        query: {}
      responses:
        2XX:
          application/json: {"items": [{"created_at": "2025-09-16T19:17:04.361Z", "digest": "sha256:6d1ef012b5674ad8a127ecfa9b5e6f5178d171b90ee462846974177fd9bdd39f", "id": "<id>", "namespace_name": "<value>", "tags": ["<value>"], "updated_at": "2024-12-05T05:58:38.953Z"}], "next_page_token": "<value>"}
        4XX: {}
  getTags:
    speakeasy-default-get-tags:
      parameters:
        path:
          namespace_name: "<value>"
  listRemoteSources:
    speakeasy-default-list-remote-sources:
      parameters:
        query:
          namespace_name: "<value>"
  postTags:
    speakeasy-default-post-tags:
      parameters:
        path:
          namespace_name: "<value>"
  preflight: {}
  archiveNamespace:
    speakeasy-default-archive-namespace:
      parameters:
        path:
          namespace_name: "<value>"
  setVisibility:
    speakeasy-default-set-visibility:
      parameters:
        path:
          namespace_name: "<value>"
  getWorkspaceAccess: {}
  getAccessToken:
    speakeasy-default-get-access-token:
      parameters:
        query:
          workspace_id: "<id>"
  getUser: {}
  validateApiKey: {}
  generateCodeSamplePreview:
    default:
      requestBody:
        multipart/form-data: {"language": "<value>", "schema_file": {"": "example.file"}}
      responses:
        2XX:
          application/json: {"snippets": [{"code": "import { Petstore } from \"petstore-sdk\";\n\nconst petstore = new Petstore({\n  apiKey: \"<YOUR_API_KEY_HERE>\",\n});\n\nasync function run() {\n  const result = await petstore.pet.getById({\n    id: 137396,\n  });\n\n  // Handle the result\n  console.log(result);\n}\n\nrun();", "language": "typescript", "method": "get", "operationId": "getPetById", "path": "/pet/{id}"}]}
  generateCodeSamplePreviewAsync:
    speakeasy-default-generate-code-sample-preview-async:
      requestBody:
        multipart/form-data: {"language": "<value>", "schema_file": {"": "example.file"}}
  getCodeSamplePreviewAsync:
    default:
      parameters:
        path:
          jobID: "<id>"
      responses:
        2XX:
          application/json: {"snippets": [{"code": "import { Petstore } from \"petstore-sdk\";\n\nconst petstore = new Petstore({\n  apiKey: \"<YOUR_API_KEY_HERE>\",\n});\n\nasync function run() {\n  const result = await petstore.pet.getById({\n    id: 137396,\n  });\n\n  // Handle the result\n  console.log(result);\n}\n\nrun();", "language": "typescript", "method": "get", "operationId": "getPetById", "path": "/pet/{id}"}]}
  checkGithubAccess:
    speakeasy-default-check-github-access:
      parameters:
        query:
          org: "<value>"
          repo: "<value>"
  githubCheckPublishingPRs:
    speakeasy-default-github-check-publishing-P-rs:
      parameters:
        query:
          generate_gen_lock_id: "<id>"
          org: "<value>"
          repo: "<value>"
  githubCheckPublishingSecrets:
    speakeasy-default-github-check-publishing-secrets:
      parameters:
        query:
          generate_gen_lock_id: "<id>"
  githubConfigureCodeSamples:
    speakeasy-default-github-configure-code-samples:
      requestBody:
        application/json: {"org": "<value>", "repo": "<value>", "targetName": "<value>"}
  githubConfigureMintlifyRepo:
    speakeasy-default-github-configure-mintlify-repo:
      requestBody:
        application/json: {"input": "<value>", "org": "<value>", "overlays": ["<value>"], "repo": "<value>"}
  githubConfigureTarget:
    speakeasy-default-github-configure-target:
      requestBody:
        application/json: {"org": "<value>", "repo_name": "<value>"}
  getGitHubAction:
    speakeasy-default-get-git-hub-action:
      parameters:
        query:
          org: "<value>"
          repo: "<value>"
  getGithubSetupState:
    speakeasy-default-get-github-setup-state:
      parameters:
        query:
          org: "<value>"
          repo: "<value>"
          generate_gen_lock_id: "<id>"
  linkGithubAccess: {}
  githubStorePublishingSecrets:
    speakeasy-default-github-store-publishing-secrets:
      requestBody:
        application/json: {"generate_gen_lock_id": "<id>"}
  githubTriggerAction:
    speakeasy-default-github-trigger-action:
      requestBody:
        application/json: {"gen_lock_id": "<id>", "org": "<value>", "repo_name": "<value>"}
  createOrganization:
    speakeasy-default-create-organization:
      requestBody:
        application/json: {"account_type": "scale-up", "created_at": "2024-11-30T17:06:07.804Z", "id": "<id>", "name": "<value>", "slug": "<value>", "sso_activated": true, "telemetry_disabled": true, "updated_at": "2023-03-17T15:39:20.911Z"}
  createFreeTrial: {}
  getOrganization:
    speakeasy-default-get-organization:
      parameters:
        path:
          organizationID: "<id>"
  getOrganizations: {}
  getOrganizationUsage: {}
  getChangesReportSignedUrl:
    speakeasy-default-get-changes-report-signed-url:
      parameters:
        path:
          documentChecksum: "<value>"
  getLintingReportSignedUrl:
    speakeasy-default-get-linting-report-signed-url:
      parameters:
        path:
          documentChecksum: "<value>"
  uploadReport:
    speakeasy-default-upload-report:
      requestBody:
        multipart/form-data: {"data": {}, "file": {"": "example.file"}}
  create:
    speakeasy-default-create:
      requestBody:
        application/json: {"url": "https://probable-heating.com/"}
  activateSubscriptionNamespace:
    speakeasy-default-activate-subscription-namespace:
      parameters:
        path:
          subscriptionID: "<id>"
          namespaceName: "<value>"
  ignoreSubscriptionNamespace:
    speakeasy-default-ignore-subscription-namespace:
      parameters:
        path:
          subscriptionID: "<id>"
          namespaceName: "<value>"
  suggest:
    speakeasy-default-suggest:
      parameters:
        header:
          x-session-id: "<id>"
      requestBody:
        application/json: {"diagnostics": [{"message": "<value>", "path": ["/opt/include", "/opt/share"], "type": "<value>"}, {"message": "<value>", "path": [], "type": "<value>"}], "oas_summary": {"info": {"description": "amid traffic the unfortunately underneath what father lovely out", "license": {}, "summary": "<value>", "title": "<value>", "version": "<value>"}, "operations": [{"description": "times dull than except", "method": "<value>", "operation_id": "<id>", "path": "/mnt", "tags": ["<value>", "<value>"]}]}, "suggestion_type": "diagnostics-only"}
  suggestItems:
    speakeasy-default-suggest-items:
      requestBody:
        application/json: {"items": [], "prompt": "<value>"}
  suggestOpenAPI:
    speakeasy-default-suggest-open-API:
      parameters:
        header:
          x-session-id: "<id>"
      requestBody:
        multipart/form-data: {"schema": {"": "example.file"}}
  suggestOpenAPIRegistry:
    speakeasy-default-suggest-open-API-registry:
      parameters:
        path:
          namespace_name: "<value>"
          revision_reference: "<value>"
        header:
          x-session-id: "<id>"
  createWorkspace:
    speakeasy-default-create-workspace:
      requestBody:
        application/json: {"created_at": "2024-06-17T07:14:55.338Z", "id": "<id>", "name": "<value>", "organization_id": "<id>", "slug": "<value>", "updated_at": "2024-11-30T17:06:07.804Z", "verified": true}
  createWorkspaceToken:
    speakeasy-default-create-workspace-token:
      parameters:
        path:
          workspace_id: "<id>"
      requestBody:
        application/json: {"alg": "<value>", "created_at": "2023-08-16T02:33:00.784Z", "id": "<id>", "key": "<key>", "name": "<value>", "workspace_id": "<id>"}
  deleteWorkspaceToken:
    speakeasy-default-delete-workspace-token:
      parameters:
        path:
          workspace_id: "<id>"
          tokenID: "<id>"
  getWorkspaceByContext: {}
  getWorkspaces: {}
  getWorkspace:
    speakeasy-default-get-workspace:
      parameters:
        path:
          workspace_id: "<id>"
  getWorkspaceFeatureFlags:
    speakeasy-default-get-workspace-feature-flags:
      parameters:
        path:
          workspace_id: "<id>"
  getWorkspaceSettings:
    speakeasy-default-get-workspace-settings:
      parameters:
        path:
          workspace_id: "<id>"
  getWorkspaceTeam:
    speakeasy-default-get-workspace-team:
      parameters:
        path:
          workspace_id: "<id>"
  getWorkspaceTokens:
    speakeasy-default-get-workspace-tokens:
      parameters:
        path:
          workspace_id: "<id>"
  grantUserAccessToWorkspace:
    speakeasy-default-grant-user-access-to-workspace:
      parameters:
        path:
          workspace_id: "<id>"
          email: "Lucinda.Batz8@hotmail.com"
  revokeUserAccessToWorkspace:
    speakeasy-default-revoke-user-access-to-workspace:
      parameters:
        path:
          workspace_id: "<id>"
          userId: "<id>"
  setWorkspaceFeatureFlags:
    speakeasy-default-set-workspace-feature-flags:
      requestBody:
        application/json: {"feature_flags": ["skip_schema_registry", "webhooks"]}
  updateWorkspaceDetails:
    speakeasy-default-update-workspace-details:
      parameters:
        path:
          workspace_id: "<id>"
      requestBody:
        application/json: {"created_at": "2025-07-28T19:04:48.565Z", "id": "<id>", "name": "<value>", "organization_id": "<id>", "slug": "<value>", "updated_at": "2024-10-16T10:52:42.015Z", "verified": true}
  updateWorkspaceSettings:
    speakeasy-default-update-workspace-settings:
      parameters:
        path:
          workspace_id: "<id>"
      requestBody:
        application/json: {"created_at": "2023-07-05T11:43:28.305Z", "updated_at": "2024-05-14T05:39:21.874Z", "webhook_url": "https://grown-pharmacopoeia.net", "workspace_id": "<id>"}
  getWorkspaceEventsByTarget:
    speakeasy-default-get-workspace-events-by-target:
      parameters:
        path:
          workspace_id: "<id>"
          target_id: "<id>"
        query: {}
  getWorkspaceTargets: {}
  getWorkspaceTargetsDeprecated:
    speakeasy-default-get-workspace-targets-deprecated:
      parameters:
        path:
          workspace_id: "<id>"
        query: {}
  postWorkspaceEvents:
    speakeasy-default-post-workspace-events:
      parameters:
        path:
          workspace_id: "<id>"
      requestBody:
        application/json: [{"created_at": "2025-03-02T10:07:28.113Z", "execution_id": "<id>", "id": "<id>", "interaction_type": "AUTHENTICATE", "local_started_at": "2025-08-12T17:54:17.538Z", "speakeasy_api_key_name": "<value>", "speakeasy_version": "<value>", "success": true, "workspace_id": "<id>"}]
  searchWorkspaceEvents:
    speakeasy-default-search-workspace-events:
      parameters:
        path:
          workspace_id: "<id>"
        query: {}
examplesVersion: 1.0.0
generatedTests: {}
