speakeasyVersion: 1.339.0
sources:
    speakeasy:
        sourceNamespace: speakeasy
        sourceRevisionDigest: sha256:4a8b1be8111486ce2e0e7a9ddc5df3679500818543eae42590ca112313f0546e
        sourceBlobDigest: sha256:931716f9778f1311c240362f5c2e8390e077d42eca969528a4128f8ee1a57ac8
        tags:
            - latest
            - main
targets:
    speakeasy-client-sdk-csharp:
        source: speakeasy
        sourceNamespace: speakeasy
        sourceRevisionDigest: sha256:4a8b1be8111486ce2e0e7a9ddc5df3679500818543eae42590ca112313f0546e
        sourceBlobDigest: sha256:931716f9778f1311c240362f5c2e8390e077d42eca969528a4128f8ee1a57ac8
        codeSamplesNamespace: code-samples-csharp-speakeasy-client-sdk-csharp
        codeSamplesRevisionDigest: sha256:7636ff699a3582a14b41ab33ef84e6f190336b304acff7b7f55d63904abf234a
        outLocation: /github/workspace/repo
workflow:
    workflowVersion: 1.0.0
    speakeasyVersion: latest
    sources:
        speakeasy:
            inputs:
                - location: https://docs.speakeasyapi.dev/openapi.yaml
            registry:
                location: registry.speakeasyapi.dev/speakeasy-self/speakeasy-self/speakeasy
    targets:
        speakeasy-client-sdk-csharp:
            target: csharp
            source: speakeasy
            publish:
                nuget:
                    apiKey: $nuget_api_key
            codeSamples:
                output: codeSamples.yaml
                registry:
                    location: registry.speakeasyapi.dev/speakeasy-self/speakeasy-self/code-samples-csharp-speakeasy-client-sdk-csharp
