speakeasyVersion: 1.761.4
sources:
    speakeasy:
        sourceNamespace: speakeasy
        sourceRevisionDigest: sha256:dac7a3850ebb7d036efa93658b5704753d504595aac9f045ca1b8d9c85b3d2ac
        sourceBlobDigest: sha256:3e59af5accd2bcf1d96389047acb564c33bbda9339229485a8e859ab8bd6d604
        tags:
            - latest
            - 0.4.0
targets:
    speakeasy-client-sdk-csharp:
        source: speakeasy
        sourceNamespace: speakeasy
        sourceRevisionDigest: sha256:dac7a3850ebb7d036efa93658b5704753d504595aac9f045ca1b8d9c85b3d2ac
        sourceBlobDigest: sha256:3e59af5accd2bcf1d96389047acb564c33bbda9339229485a8e859ab8bd6d604
        codeSamplesNamespace: code-samples-csharp-speakeasy-client-sdk-csharp
        codeSamplesRevisionDigest: sha256:201e8eafdbe2158a480bb73a750589cc98aa4d6ee1f4fe0e648074d74c560caf
workflow:
    workflowVersion: 1.0.0
    speakeasyVersion: latest
    sources:
        speakeasy:
            inputs:
                - location: https://www.speakeasy.com/openapi.yaml
            registry:
                location: registry.speakeasyapi.dev/speakeasy-self/speakeasy-self/speakeasy
    targets:
        speakeasy-client-sdk-csharp:
            target: csharp
            source: speakeasy
            publish:
                nuget:
                    apiKey: $nuget_api_key
            codeSamples:
                output: codeSamples.yaml
                registry:
                    location: registry.speakeasyapi.dev/speakeasy-self/speakeasy-self/code-samples-csharp-speakeasy-client-sdk-csharp
