speakeasyVersion: 1.349.0
sources:
    speakeasy:
        sourceNamespace: speakeasy
        sourceRevisionDigest: sha256:f2296c5854920a5a344c9071c2cc075ac3f1dcef319170166b33ddbaf2f22dfe
        sourceBlobDigest: sha256:6156301799f5b6fcc583ddfad5c2c0ea2b8dc900822e08a351e2fa6477c8f48a
        tags:
            - latest
            - main
targets:
    speakeasy-client-sdk-csharp:
        source: speakeasy
        sourceNamespace: speakeasy
        sourceRevisionDigest: sha256:f2296c5854920a5a344c9071c2cc075ac3f1dcef319170166b33ddbaf2f22dfe
        sourceBlobDigest: sha256:6156301799f5b6fcc583ddfad5c2c0ea2b8dc900822e08a351e2fa6477c8f48a
        codeSamplesNamespace: code-samples-csharp-speakeasy-client-sdk-csharp
        codeSamplesRevisionDigest: sha256:08ce8871f9fdc937fbbb54c8b6154790df1d7b44279d0f13bc0e1bc917a0dfb1
        outLocation: /github/workspace/repo
workflow:
    workflowVersion: 1.0.0
    speakeasyVersion: latest
    sources:
        speakeasy:
            inputs:
                - location: https://docs.speakeasyapi.dev/openapi.yaml
            registry:
                location: registry.speakeasyapi.dev/speakeasy-self/speakeasy-self/speakeasy
    targets:
        speakeasy-client-sdk-csharp:
            target: csharp
            source: speakeasy
            publish:
                nuget:
                    apiKey: $nuget_api_key
            codeSamples:
                output: codeSamples.yaml
                registry:
                    location: registry.speakeasyapi.dev/speakeasy-self/speakeasy-self/code-samples-csharp-speakeasy-client-sdk-csharp
